
Microsoft Visual Studio Solution File, Format Version 12.00
# Visual Studio Version 17
VisualStudioVersion = 17.4.33403.182
MinimumVisualStudioVersion = 10.0.40219.1
Project("{888888A0-9F3D-457C-B088-3A5042F75D52}") = "PizzaOrderSystem_", "PizzaOrderSystem_\PizzaOrderSystem_.pyproj", "{1F75C70D-0024-46CA-98FC-0B07C9A05107}"
EndProject
Global
	GlobalSection(SolutionConfigurationPlatforms) = preSolution
		Debug|Any CPU = Debug|Any CPU
		Release|Any CPU = Release|Any CPU
	EndGlobalSection
	GlobalSection(ProjectConfigurationPlatforms) = postSolution
		{1F75C70D-0024-46CA-98FC-0B07C9A05107}.Debug|Any CPU.ActiveCfg = Debug|Any CPU
		{1F75C70D-0024-46CA-98FC-0B07C9A05107}.Release|Any CPU.ActiveCfg = Release|Any CPU
	EndGlobalSection
	GlobalSection(SolutionProperties) = preSolution
		HideSolutionNode = FALSE
	EndGlobalSection
	GlobalSection(ExtensibilityGlobals) = postSolution
		SolutionGuid = {BA9C0EEA-A79D-42AC-AA3E-83E62C186080}
	EndGlobalSection
EndGlobal
